
Microsoft Visual Studio Solution File, Format Version 12.00
# Visual Studio Version 16
VisualStudioVersion = 16.0.30011.22
MinimumVisualStudioVersion = 15.0.26124.0
Project("{2150E333-8FDC-42A3-9474-1A3956D46DE8}") = "Backend", "Backend", "{A8046AED-A037-4359-9CC2-DEDC3287C004}"
EndProject
Project("{9A19103F-16F7-4668-BE54-9A1E7A4F7556}") = "GameOfCardsTests", "Backend\GameOfCardsTests\GameOfCardsTests.csproj", "{42CB9B50-AAAB-4AA5-A3F0-ED9BFDE79D51}"
EndProject
Project("{9A19103F-16F7-4668-BE54-9A1E7A4F7556}") = "GameOfCards", "Backend\GameOfCards\GameOfCards.csproj", "{9ED70383-BAF5-4EEA-B0E0-20D9076323EF}"
EndProject
Project("{2150E333-8FDC-42A3-9474-1A3956D46DE8}") = "Frontend", "Frontend", "{EE6D7291-62FA-4D6B-812D-EE6C2F976538}"
EndProject
Project("{9A19103F-16F7-4668-BE54-9A1E7A4F7556}") = "GameOfCards_Console", "Frontend\GameOfCards_UI\GameOfCards_Console.csproj", "{9847F769-5670-49A0-80AF-215DF827CB6F}"
EndProject
Project("{2150E333-8FDC-42A3-9474-1A3956D46DE8}") = "RulesEngine", "RulesEngine", "{691B7445-82D5-4391-839A-1F790BEA1319}"
EndProject
Project("{9A19103F-16F7-4668-BE54-9A1E7A4F7556}") = "GameRulesEngine.Core", "Backend\RulesEngine\GameRulesEngine.Core\GameRulesEngine.Core.csproj", "{AE60D00B-278C-492F-8EBF-DA9077798027}"
EndProject
Project("{2150E333-8FDC-42A3-9474-1A3956D46DE8}") = "Plugins", "Plugins", "{32BA39CF-8A34-4C86-9B13-9C00EDBF0D14}"
EndProject
Project("{9A19103F-16F7-4668-BE54-9A1E7A4F7556}") = "Game2117Rules", "RulesEngine\Plugins\Game2117Rules\Game2117Rules.csproj", "{D38B96EC-C23A-4AFC-AE71-288DD21B22A9}"
EndProject
Project("{9A19103F-16F7-4668-BE54-9A1E7A4F7556}") = "Game2117Rules.Tests", "RulesEngine\Plugins\Game2117Rules.Tests\Game2117Rules.Tests.csproj", "{FC8E7166-804C-401F-8835-6086043EA7A1}"
EndProject
Project("{9A19103F-16F7-4668-BE54-9A1E7A4F7556}") = "GameRulesEngine.Core.Tests", "RulesEngine\GameRulesEngine.Core.Tests\GameRulesEngine.Core.Tests.csproj", "{FD4D79BE-29D0-4E83-BD4C-0563D706E071}"
EndProject
Project("{9A19103F-16F7-4668-BE54-9A1E7A4F7556}") = "Plugins.Core", "Backend\RulesEngine\Plugins\Plugins.Core\Plugins.Core.csproj", "{F6854028-0D88-4133-9421-690BEC65F69B}"
EndProject
Project("{2150E333-8FDC-42A3-9474-1A3956D46DE8}") = "Scoreboard", "Scoreboard", "{71D07D61-1E70-4341-8E9E-A624D43C975D}"
EndProject
Project("{9A19103F-16F7-4668-BE54-9A1E7A4F7556}") = "Scoreboard.Core", "Backend\Scoreboard\Scoreboard.Core\Scoreboard.Core.csproj", "{5685B4D7-7F74-488F-B7FA-E155B5C9D019}"
EndProject
Project("{9A19103F-16F7-4668-BE54-9A1E7A4F7556}") = "ScoreBoard.Core.Tests", "Backend\Scoreboard\ScoreBoard.Core.Tests\ScoreBoard.Core.Tests.csproj", "{682B751A-2AE4-4975-BD1D-EB4CEE13621F}"
EndProject
Project("{9A19103F-16F7-4668-BE54-9A1E7A4F7556}") = "GameRulesEngine.Core.Contracts", "RulesEngine\GameRulesEngine.Core.Contracts\GameRulesEngine.Core.Contracts.csproj", "{72D1B4E6-6D00-4509-87FE-B9DB7C39997C}"
EndProject
Project("{9A19103F-16F7-4668-BE54-9A1E7A4F7556}") = "Scoreboard.Core.Contracts", "Backend\Scoreboard\Scoreboard.Core.Contracts\Scoreboard.Core.Contracts.csproj", "{4FF7F45E-AF32-470E-B42F-9CE34661C48B}"
EndProject
Project("{9A19103F-16F7-4668-BE54-9A1E7A4F7556}") = "GameOfCards.Contracts", "Backend\GameOfCards.Contracts\GameOfCards.Contracts.csproj", "{A361CFBF-B436-4E8F-9C6F-4CA80FE9A500}"
EndProject
Global
	GlobalSection(SolutionConfigurationPlatforms) = preSolution
		Debug|Any CPU = Debug|Any CPU
		Debug|x64 = Debug|x64
		Debug|x86 = Debug|x86
		Release|Any CPU = Release|Any CPU
		Release|x64 = Release|x64
		Release|x86 = Release|x86
	EndGlobalSection
	GlobalSection(ProjectConfigurationPlatforms) = postSolution
		{42CB9B50-AAAB-4AA5-A3F0-ED9BFDE79D51}.Debug|Any CPU.ActiveCfg = Debug|Any CPU
		{42CB9B50-AAAB-4AA5-A3F0-ED9BFDE79D51}.Debug|Any CPU.Build.0 = Debug|Any CPU
		{42CB9B50-AAAB-4AA5-A3F0-ED9BFDE79D51}.Debug|x64.ActiveCfg = Debug|Any CPU
		{42CB9B50-AAAB-4AA5-A3F0-ED9BFDE79D51}.Debug|x64.Build.0 = Debug|Any CPU
		{42CB9B50-AAAB-4AA5-A3F0-ED9BFDE79D51}.Debug|x86.ActiveCfg = Debug|Any CPU
		{42CB9B50-AAAB-4AA5-A3F0-ED9BFDE79D51}.Debug|x86.Build.0 = Debug|Any CPU
		{42CB9B50-AAAB-4AA5-A3F0-ED9BFDE79D51}.Release|Any CPU.ActiveCfg = Release|Any CPU
		{42CB9B50-AAAB-4AA5-A3F0-ED9BFDE79D51}.Release|Any CPU.Build.0 = Release|Any CPU
		{42CB9B50-AAAB-4AA5-A3F0-ED9BFDE79D51}.Release|x64.ActiveCfg = Release|Any CPU
		{42CB9B50-AAAB-4AA5-A3F0-ED9BFDE79D51}.Release|x64.Build.0 = Release|Any CPU
		{42CB9B50-AAAB-4AA5-A3F0-ED9BFDE79D51}.Release|x86.ActiveCfg = Release|Any CPU
		{42CB9B50-AAAB-4AA5-A3F0-ED9BFDE79D51}.Release|x86.Build.0 = Release|Any CPU
		{9ED70383-BAF5-4EEA-B0E0-20D9076323EF}.Debug|Any CPU.ActiveCfg = Debug|Any CPU
		{9ED70383-BAF5-4EEA-B0E0-20D9076323EF}.Debug|Any CPU.Build.0 = Debug|Any CPU
		{9ED70383-BAF5-4EEA-B0E0-20D9076323EF}.Debug|x64.ActiveCfg = Debug|Any CPU
		{9ED70383-BAF5-4EEA-B0E0-20D9076323EF}.Debug|x64.Build.0 = Debug|Any CPU
		{9ED70383-BAF5-4EEA-B0E0-20D9076323EF}.Debug|x86.ActiveCfg = Debug|Any CPU
		{9ED70383-BAF5-4EEA-B0E0-20D9076323EF}.Debug|x86.Build.0 = Debug|Any CPU
		{9ED70383-BAF5-4EEA-B0E0-20D9076323EF}.Release|Any CPU.ActiveCfg = Release|Any CPU
		{9ED70383-BAF5-4EEA-B0E0-20D9076323EF}.Release|Any CPU.Build.0 = Release|Any CPU
		{9ED70383-BAF5-4EEA-B0E0-20D9076323EF}.Release|x64.ActiveCfg = Release|Any CPU
		{9ED70383-BAF5-4EEA-B0E0-20D9076323EF}.Release|x64.Build.0 = Release|Any CPU
		{9ED70383-BAF5-4EEA-B0E0-20D9076323EF}.Release|x86.ActiveCfg = Release|Any CPU
		{9ED70383-BAF5-4EEA-B0E0-20D9076323EF}.Release|x86.Build.0 = Release|Any CPU
		{9847F769-5670-49A0-80AF-215DF827CB6F}.Debug|Any CPU.ActiveCfg = Debug|Any CPU
		{9847F769-5670-49A0-80AF-215DF827CB6F}.Debug|Any CPU.Build.0 = Debug|Any CPU
		{9847F769-5670-49A0-80AF-215DF827CB6F}.Debug|x64.ActiveCfg = Debug|Any CPU
		{9847F769-5670-49A0-80AF-215DF827CB6F}.Debug|x64.Build.0 = Debug|Any CPU
		{9847F769-5670-49A0-80AF-215DF827CB6F}.Debug|x86.ActiveCfg = Debug|Any CPU
		{9847F769-5670-49A0-80AF-215DF827CB6F}.Debug|x86.Build.0 = Debug|Any CPU
		{9847F769-5670-49A0-80AF-215DF827CB6F}.Release|Any CPU.ActiveCfg = Release|Any CPU
		{9847F769-5670-49A0-80AF-215DF827CB6F}.Release|Any CPU.Build.0 = Release|Any CPU
		{9847F769-5670-49A0-80AF-215DF827CB6F}.Release|x64.ActiveCfg = Release|Any CPU
		{9847F769-5670-49A0-80AF-215DF827CB6F}.Release|x64.Build.0 = Release|Any CPU
		{9847F769-5670-49A0-80AF-215DF827CB6F}.Release|x86.ActiveCfg = Release|Any CPU
		{9847F769-5670-49A0-80AF-215DF827CB6F}.Release|x86.Build.0 = Release|Any CPU
		{AE60D00B-278C-492F-8EBF-DA9077798027}.Debug|Any CPU.ActiveCfg = Debug|Any CPU
		{AE60D00B-278C-492F-8EBF-DA9077798027}.Debug|Any CPU.Build.0 = Debug|Any CPU
		{AE60D00B-278C-492F-8EBF-DA9077798027}.Debug|x64.ActiveCfg = Debug|Any CPU
		{AE60D00B-278C-492F-8EBF-DA9077798027}.Debug|x64.Build.0 = Debug|Any CPU
		{AE60D00B-278C-492F-8EBF-DA9077798027}.Debug|x86.ActiveCfg = Debug|Any CPU
		{AE60D00B-278C-492F-8EBF-DA9077798027}.Debug|x86.Build.0 = Debug|Any CPU
		{AE60D00B-278C-492F-8EBF-DA9077798027}.Release|Any CPU.ActiveCfg = Release|Any CPU
		{AE60D00B-278C-492F-8EBF-DA9077798027}.Release|Any CPU.Build.0 = Release|Any CPU
		{AE60D00B-278C-492F-8EBF-DA9077798027}.Release|x64.ActiveCfg = Release|Any CPU
		{AE60D00B-278C-492F-8EBF-DA9077798027}.Release|x64.Build.0 = Release|Any CPU
		{AE60D00B-278C-492F-8EBF-DA9077798027}.Release|x86.ActiveCfg = Release|Any CPU
		{AE60D00B-278C-492F-8EBF-DA9077798027}.Release|x86.Build.0 = Release|Any CPU
		{D38B96EC-C23A-4AFC-AE71-288DD21B22A9}.Debug|Any CPU.ActiveCfg = Debug|Any CPU
		{D38B96EC-C23A-4AFC-AE71-288DD21B22A9}.Debug|Any CPU.Build.0 = Debug|Any CPU
		{D38B96EC-C23A-4AFC-AE71-288DD21B22A9}.Debug|x64.ActiveCfg = Debug|Any CPU
		{D38B96EC-C23A-4AFC-AE71-288DD21B22A9}.Debug|x64.Build.0 = Debug|Any CPU
		{D38B96EC-C23A-4AFC-AE71-288DD21B22A9}.Debug|x86.ActiveCfg = Debug|Any CPU
		{D38B96EC-C23A-4AFC-AE71-288DD21B22A9}.Debug|x86.Build.0 = Debug|Any CPU
		{D38B96EC-C23A-4AFC-AE71-288DD21B22A9}.Release|Any CPU.ActiveCfg = Release|Any CPU
		{D38B96EC-C23A-4AFC-AE71-288DD21B22A9}.Release|Any CPU.Build.0 = Release|Any CPU
		{D38B96EC-C23A-4AFC-AE71-288DD21B22A9}.Release|x64.ActiveCfg = Release|Any CPU
		{D38B96EC-C23A-4AFC-AE71-288DD21B22A9}.Release|x64.Build.0 = Release|Any CPU
		{D38B96EC-C23A-4AFC-AE71-288DD21B22A9}.Release|x86.ActiveCfg = Release|Any CPU
		{D38B96EC-C23A-4AFC-AE71-288DD21B22A9}.Release|x86.Build.0 = Release|Any CPU
		{FC8E7166-804C-401F-8835-6086043EA7A1}.Debug|Any CPU.ActiveCfg = Debug|Any CPU
		{FC8E7166-804C-401F-8835-6086043EA7A1}.Debug|Any CPU.Build.0 = Debug|Any CPU
		{FC8E7166-804C-401F-8835-6086043EA7A1}.Debug|x64.ActiveCfg = Debug|Any CPU
		{FC8E7166-804C-401F-8835-6086043EA7A1}.Debug|x64.Build.0 = Debug|Any CPU
		{FC8E7166-804C-401F-8835-6086043EA7A1}.Debug|x86.ActiveCfg = Debug|Any CPU
		{FC8E7166-804C-401F-8835-6086043EA7A1}.Debug|x86.Build.0 = Debug|Any CPU
		{FC8E7166-804C-401F-8835-6086043EA7A1}.Release|Any CPU.ActiveCfg = Release|Any CPU
		{FC8E7166-804C-401F-8835-6086043EA7A1}.Release|Any CPU.Build.0 = Release|Any CPU
		{FC8E7166-804C-401F-8835-6086043EA7A1}.Release|x64.ActiveCfg = Release|Any CPU
		{FC8E7166-804C-401F-8835-6086043EA7A1}.Release|x64.Build.0 = Release|Any CPU
		{FC8E7166-804C-401F-8835-6086043EA7A1}.Release|x86.ActiveCfg = Release|Any CPU
		{FC8E7166-804C-401F-8835-6086043EA7A1}.Release|x86.Build.0 = Release|Any CPU
		{FD4D79BE-29D0-4E83-BD4C-0563D706E071}.Debug|Any CPU.ActiveCfg = Debug|Any CPU
		{FD4D79BE-29D0-4E83-BD4C-0563D706E071}.Debug|Any CPU.Build.0 = Debug|Any CPU
		{FD4D79BE-29D0-4E83-BD4C-0563D706E071}.Debug|x64.ActiveCfg = Debug|Any CPU
		{FD4D79BE-29D0-4E83-BD4C-0563D706E071}.Debug|x64.Build.0 = Debug|Any CPU
		{FD4D79BE-29D0-4E83-BD4C-0563D706E071}.Debug|x86.ActiveCfg = Debug|Any CPU
		{FD4D79BE-29D0-4E83-BD4C-0563D706E071}.Debug|x86.Build.0 = Debug|Any CPU
		{FD4D79BE-29D0-4E83-BD4C-0563D706E071}.Release|Any CPU.ActiveCfg = Release|Any CPU
		{FD4D79BE-29D0-4E83-BD4C-0563D706E071}.Release|Any CPU.Build.0 = Release|Any CPU
		{FD4D79BE-29D0-4E83-BD4C-0563D706E071}.Release|x64.ActiveCfg = Release|Any CPU
		{FD4D79BE-29D0-4E83-BD4C-0563D706E071}.Release|x64.Build.0 = Release|Any CPU
		{FD4D79BE-29D0-4E83-BD4C-0563D706E071}.Release|x86.ActiveCfg = Release|Any CPU
		{FD4D79BE-29D0-4E83-BD4C-0563D706E071}.Release|x86.Build.0 = Release|Any CPU
		{F6854028-0D88-4133-9421-690BEC65F69B}.Debug|Any CPU.ActiveCfg = Debug|Any CPU
		{F6854028-0D88-4133-9421-690BEC65F69B}.Debug|Any CPU.Build.0 = Debug|Any CPU
		{F6854028-0D88-4133-9421-690BEC65F69B}.Debug|x64.ActiveCfg = Debug|Any CPU
		{F6854028-0D88-4133-9421-690BEC65F69B}.Debug|x64.Build.0 = Debug|Any CPU
		{F6854028-0D88-4133-9421-690BEC65F69B}.Debug|x86.ActiveCfg = Debug|Any CPU
		{F6854028-0D88-4133-9421-690BEC65F69B}.Debug|x86.Build.0 = Debug|Any CPU
		{F6854028-0D88-4133-9421-690BEC65F69B}.Release|Any CPU.ActiveCfg = Release|Any CPU
		{F6854028-0D88-4133-9421-690BEC65F69B}.Release|Any CPU.Build.0 = Release|Any CPU
		{F6854028-0D88-4133-9421-690BEC65F69B}.Release|x64.ActiveCfg = Release|Any CPU
		{F6854028-0D88-4133-9421-690BEC65F69B}.Release|x64.Build.0 = Release|Any CPU
		{F6854028-0D88-4133-9421-690BEC65F69B}.Release|x86.ActiveCfg = Release|Any CPU
		{F6854028-0D88-4133-9421-690BEC65F69B}.Release|x86.Build.0 = Release|Any CPU
		{5685B4D7-7F74-488F-B7FA-E155B5C9D019}.Debug|Any CPU.ActiveCfg = Debug|Any CPU
		{5685B4D7-7F74-488F-B7FA-E155B5C9D019}.Debug|Any CPU.Build.0 = Debug|Any CPU
		{5685B4D7-7F74-488F-B7FA-E155B5C9D019}.Debug|x64.ActiveCfg = Debug|Any CPU
		{5685B4D7-7F74-488F-B7FA-E155B5C9D019}.Debug|x64.Build.0 = Debug|Any CPU
		{5685B4D7-7F74-488F-B7FA-E155B5C9D019}.Debug|x86.ActiveCfg = Debug|Any CPU
		{5685B4D7-7F74-488F-B7FA-E155B5C9D019}.Debug|x86.Build.0 = Debug|Any CPU
		{5685B4D7-7F74-488F-B7FA-E155B5C9D019}.Release|Any CPU.ActiveCfg = Release|Any CPU
		{5685B4D7-7F74-488F-B7FA-E155B5C9D019}.Release|Any CPU.Build.0 = Release|Any CPU
		{5685B4D7-7F74-488F-B7FA-E155B5C9D019}.Release|x64.ActiveCfg = Release|Any CPU
		{5685B4D7-7F74-488F-B7FA-E155B5C9D019}.Release|x64.Build.0 = Release|Any CPU
		{5685B4D7-7F74-488F-B7FA-E155B5C9D019}.Release|x86.ActiveCfg = Release|Any CPU
		{5685B4D7-7F74-488F-B7FA-E155B5C9D019}.Release|x86.Build.0 = Release|Any CPU
		{682B751A-2AE4-4975-BD1D-EB4CEE13621F}.Debug|Any CPU.ActiveCfg = Debug|Any CPU
		{682B751A-2AE4-4975-BD1D-EB4CEE13621F}.Debug|Any CPU.Build.0 = Debug|Any CPU
		{682B751A-2AE4-4975-BD1D-EB4CEE13621F}.Debug|x64.ActiveCfg = Debug|Any CPU
		{682B751A-2AE4-4975-BD1D-EB4CEE13621F}.Debug|x64.Build.0 = Debug|Any CPU
		{682B751A-2AE4-4975-BD1D-EB4CEE13621F}.Debug|x86.ActiveCfg = Debug|Any CPU
		{682B751A-2AE4-4975-BD1D-EB4CEE13621F}.Debug|x86.Build.0 = Debug|Any CPU
		{682B751A-2AE4-4975-BD1D-EB4CEE13621F}.Release|Any CPU.ActiveCfg = Release|Any CPU
		{682B751A-2AE4-4975-BD1D-EB4CEE13621F}.Release|Any CPU.Build.0 = Release|Any CPU
		{682B751A-2AE4-4975-BD1D-EB4CEE13621F}.Release|x64.ActiveCfg = Release|Any CPU
		{682B751A-2AE4-4975-BD1D-EB4CEE13621F}.Release|x64.Build.0 = Release|Any CPU
		{682B751A-2AE4-4975-BD1D-EB4CEE13621F}.Release|x86.ActiveCfg = Release|Any CPU
		{682B751A-2AE4-4975-BD1D-EB4CEE13621F}.Release|x86.Build.0 = Release|Any CPU
		{72D1B4E6-6D00-4509-87FE-B9DB7C39997C}.Debug|Any CPU.ActiveCfg = Debug|Any CPU
		{72D1B4E6-6D00-4509-87FE-B9DB7C39997C}.Debug|Any CPU.Build.0 = Debug|Any CPU
		{72D1B4E6-6D00-4509-87FE-B9DB7C39997C}.Debug|x64.ActiveCfg = Debug|Any CPU
		{72D1B4E6-6D00-4509-87FE-B9DB7C39997C}.Debug|x64.Build.0 = Debug|Any CPU
		{72D1B4E6-6D00-4509-87FE-B9DB7C39997C}.Debug|x86.ActiveCfg = Debug|Any CPU
		{72D1B4E6-6D00-4509-87FE-B9DB7C39997C}.Debug|x86.Build.0 = Debug|Any CPU
		{72D1B4E6-6D00-4509-87FE-B9DB7C39997C}.Release|Any CPU.ActiveCfg = Release|Any CPU
		{72D1B4E6-6D00-4509-87FE-B9DB7C39997C}.Release|Any CPU.Build.0 = Release|Any CPU
		{72D1B4E6-6D00-4509-87FE-B9DB7C39997C}.Release|x64.ActiveCfg = Release|Any CPU
		{72D1B4E6-6D00-4509-87FE-B9DB7C39997C}.Release|x64.Build.0 = Release|Any CPU
		{72D1B4E6-6D00-4509-87FE-B9DB7C39997C}.Release|x86.ActiveCfg = Release|Any CPU
		{72D1B4E6-6D00-4509-87FE-B9DB7C39997C}.Release|x86.Build.0 = Release|Any CPU
		{4FF7F45E-AF32-470E-B42F-9CE34661C48B}.Debug|Any CPU.ActiveCfg = Debug|Any CPU
		{4FF7F45E-AF32-470E-B42F-9CE34661C48B}.Debug|Any CPU.Build.0 = Debug|Any CPU
		{4FF7F45E-AF32-470E-B42F-9CE34661C48B}.Debug|x64.ActiveCfg = Debug|Any CPU
		{4FF7F45E-AF32-470E-B42F-9CE34661C48B}.Debug|x64.Build.0 = Debug|Any CPU
		{4FF7F45E-AF32-470E-B42F-9CE34661C48B}.Debug|x86.ActiveCfg = Debug|Any CPU
		{4FF7F45E-AF32-470E-B42F-9CE34661C48B}.Debug|x86.Build.0 = Debug|Any CPU
		{4FF7F45E-AF32-470E-B42F-9CE34661C48B}.Release|Any CPU.ActiveCfg = Release|Any CPU
		{4FF7F45E-AF32-470E-B42F-9CE34661C48B}.Release|Any CPU.Build.0 = Release|Any CPU
		{4FF7F45E-AF32-470E-B42F-9CE34661C48B}.Release|x64.ActiveCfg = Release|Any CPU
		{4FF7F45E-AF32-470E-B42F-9CE34661C48B}.Release|x64.Build.0 = Release|Any CPU
		{4FF7F45E-AF32-470E-B42F-9CE34661C48B}.Release|x86.ActiveCfg = Release|Any CPU
		{4FF7F45E-AF32-470E-B42F-9CE34661C48B}.Release|x86.Build.0 = Release|Any CPU
		{A361CFBF-B436-4E8F-9C6F-4CA80FE9A500}.Debug|Any CPU.ActiveCfg = Debug|Any CPU
		{A361CFBF-B436-4E8F-9C6F-4CA80FE9A500}.Debug|Any CPU.Build.0 = Debug|Any CPU
		{A361CFBF-B436-4E8F-9C6F-4CA80FE9A500}.Debug|x64.ActiveCfg = Debug|Any CPU
		{A361CFBF-B436-4E8F-9C6F-4CA80FE9A500}.Debug|x64.Build.0 = Debug|Any CPU
		{A361CFBF-B436-4E8F-9C6F-4CA80FE9A500}.Debug|x86.ActiveCfg = Debug|Any CPU
		{A361CFBF-B436-4E8F-9C6F-4CA80FE9A500}.Debug|x86.Build.0 = Debug|Any CPU
		{A361CFBF-B436-4E8F-9C6F-4CA80FE9A500}.Release|Any CPU.ActiveCfg = Release|Any CPU
		{A361CFBF-B436-4E8F-9C6F-4CA80FE9A500}.Release|Any CPU.Build.0 = Release|Any CPU
		{A361CFBF-B436-4E8F-9C6F-4CA80FE9A500}.Release|x64.ActiveCfg = Release|Any CPU
		{A361CFBF-B436-4E8F-9C6F-4CA80FE9A500}.Release|x64.Build.0 = Release|Any CPU
		{A361CFBF-B436-4E8F-9C6F-4CA80FE9A500}.Release|x86.ActiveCfg = Release|Any CPU
		{A361CFBF-B436-4E8F-9C6F-4CA80FE9A500}.Release|x86.Build.0 = Release|Any CPU
	EndGlobalSection
	GlobalSection(SolutionProperties) = preSolution
		HideSolutionNode = FALSE
	EndGlobalSection
	GlobalSection(NestedProjects) = preSolution
		{42CB9B50-AAAB-4AA5-A3F0-ED9BFDE79D51} = {A8046AED-A037-4359-9CC2-DEDC3287C004}
		{9ED70383-BAF5-4EEA-B0E0-20D9076323EF} = {A8046AED-A037-4359-9CC2-DEDC3287C004}
		{9847F769-5670-49A0-80AF-215DF827CB6F} = {EE6D7291-62FA-4D6B-812D-EE6C2F976538}
		{691B7445-82D5-4391-839A-1F790BEA1319} = {A8046AED-A037-4359-9CC2-DEDC3287C004}
		{AE60D00B-278C-492F-8EBF-DA9077798027} = {691B7445-82D5-4391-839A-1F790BEA1319}
		{32BA39CF-8A34-4C86-9B13-9C00EDBF0D14} = {691B7445-82D5-4391-839A-1F790BEA1319}
		{D38B96EC-C23A-4AFC-AE71-288DD21B22A9} = {32BA39CF-8A34-4C86-9B13-9C00EDBF0D14}
		{FC8E7166-804C-401F-8835-6086043EA7A1} = {32BA39CF-8A34-4C86-9B13-9C00EDBF0D14}
		{FD4D79BE-29D0-4E83-BD4C-0563D706E071} = {691B7445-82D5-4391-839A-1F790BEA1319}
		{F6854028-0D88-4133-9421-690BEC65F69B} = {32BA39CF-8A34-4C86-9B13-9C00EDBF0D14}
		{71D07D61-1E70-4341-8E9E-A624D43C975D} = {A8046AED-A037-4359-9CC2-DEDC3287C004}
		{5685B4D7-7F74-488F-B7FA-E155B5C9D019} = {71D07D61-1E70-4341-8E9E-A624D43C975D}
		{682B751A-2AE4-4975-BD1D-EB4CEE13621F} = {71D07D61-1E70-4341-8E9E-A624D43C975D}
		{72D1B4E6-6D00-4509-87FE-B9DB7C39997C} = {691B7445-82D5-4391-839A-1F790BEA1319}
		{4FF7F45E-AF32-470E-B42F-9CE34661C48B} = {71D07D61-1E70-4341-8E9E-A624D43C975D}
		{A361CFBF-B436-4E8F-9C6F-4CA80FE9A500} = {A8046AED-A037-4359-9CC2-DEDC3287C004}
	EndGlobalSection
	GlobalSection(ExtensibilityGlobals) = postSolution
		SolutionGuid = {68027AE6-D16D-4A4B-BE29-CDBF00B5FFB0}
	EndGlobalSection
EndGlobal
