
Microsoft Visual Studio Solution File, Format Version 12.00
# Visual Studio Version 16
VisualStudioVersion = 16.0.30011.22
MinimumVisualStudioVersion = 10.0.40219.1
Project("{9A19103F-16F7-4668-BE54-9A1E7A4F7556}") = "GameOfCardsTests", "GameOfCardsTests.csproj", "{5BEF24BC-34EF-4624-B21E-5A588B09C21A}"
EndProject
Global
	GlobalSection(SolutionConfigurationPlatforms) = preSolution
		Debug|Any CPU = Debug|Any CPU
		Release|Any CPU = Release|Any CPU
	EndGlobalSection
	GlobalSection(ProjectConfigurationPlatforms) = postSolution
		{5BEF24BC-34EF-4624-B21E-5A588B09C21A}.Debug|Any CPU.ActiveCfg = Debug|Any CPU
		{5BEF24BC-34EF-4624-B21E-5A588B09C21A}.Debug|Any CPU.Build.0 = Debug|Any CPU
		{5BEF24BC-34EF-4624-B21E-5A588B09C21A}.Release|Any CPU.ActiveCfg = Release|Any CPU
		{5BEF24BC-34EF-4624-B21E-5A588B09C21A}.Release|Any CPU.Build.0 = Release|Any CPU
	EndGlobalSection
	GlobalSection(SolutionProperties) = preSolution
		HideSolutionNode = FALSE
	EndGlobalSection
	GlobalSection(ExtensibilityGlobals) = postSolution
		SolutionGuid = {466BA33C-D632-4406-9B4F-C23327566A6D}
	EndGlobalSection
EndGlobal
